// !$*UTF8*$!
{
	archiveVersion = 1;
	classes = {
	};
	objectVersion = 46;
	objects = {

/* Begin PBXBuildFile section */
		CEA6B5E072D012C1C9604A40 /* Pods_troiswaresto.framework in Frameworks */ = {isa = PBXBuildFile; fileRef = 39C510BA9868243A1B98C0E1 /* Pods_troiswaresto.framework */; };
		FC389AD11CE22FFC00F26A31 /* CoreDataReview+CoreDataProperties.swift in Sources */ = {isa = PBXBuildFile; fileRef = FC389ACD1CE22FFC00F26A31 /* CoreDataReview+CoreDataProperties.swift */; };
		FC389AD21CE22FFC00F26A31 /* CoreDataReview.swift in Sources */ = {isa = PBXBuildFile; fileRef = FC389ACE1CE22FFC00F26A31 /* CoreDataReview.swift */; };
		FC389AD31CE22FFC00F26A31 /* CoreDataUser+CoreDataProperties.swift in Sources */ = {isa = PBXBuildFile; fileRef = FC389ACF1CE22FFC00F26A31 /* CoreDataUser+CoreDataProperties.swift */; };
		FC389AD41CE22FFC00F26A31 /* CoreDataUser.swift in Sources */ = {isa = PBXBuildFile; fileRef = FC389AD01CE22FFC00F26A31 /* CoreDataUser.swift */; };
		FC74BA5F1CDC965300D9037B /* imageen.png in Resources */ = {isa = PBXBuildFile; fileRef = FC74BA611CDC965300D9037B /* imageen.png */; };
		FC74BA651CDC9BB400D9037B /* Localizable.strings in Resources */ = {isa = PBXBuildFile; fileRef = FC74BA671CDC9BB400D9037B /* Localizable.strings */; };
		FC74BA6A1CDCC2E900D9037B /* WelcomeViewController.swift in Sources */ = {isa = PBXBuildFile; fileRef = FC74BA691CDCC2E900D9037B /* WelcomeViewController.swift */; };
		FC74BA6C1CDCC3AD00D9037B /* LoginViewController.swift in Sources */ = {isa = PBXBuildFile; fileRef = FC74BA6B1CDCC3AD00D9037B /* LoginViewController.swift */; };
		FC74BA6E1CDCC3C100D9037B /* CreateAccountViewController.swift in Sources */ = {isa = PBXBuildFile; fileRef = FC74BA6D1CDCC3C100D9037B /* CreateAccountViewController.swift */; };
		FC74BA701CDCE74000D9037B /* User.swift in Sources */ = {isa = PBXBuildFile; fileRef = FC74BA6F1CDCE74000D9037B /* User.swift */; };
		FC74BA721CDCEAF200D9037B /* FirebaseHelper.swift in Sources */ = {isa = PBXBuildFile; fileRef = FC74BA711CDCEAF100D9037B /* FirebaseHelper.swift */; };
		FC74BA781CE1DBE800D9037B /* CoreDataHelper.swift in Sources */ = {isa = PBXBuildFile; fileRef = FC74BA771CE1DBE800D9037B /* CoreDataHelper.swift */; };
		FC8548DF1CD2211F000B94EE /* NewRestoViewController.swift in Sources */ = {isa = PBXBuildFile; fileRef = FC8548DE1CD2211F000B94EE /* NewRestoViewController.swift */; };
		FCCBF0001CCE481F00C0B7DB /* AppDelegate.swift in Sources */ = {isa = PBXBuildFile; fileRef = FCCBEFFF1CCE481F00C0B7DB /* AppDelegate.swift */; };
		FCCBF0021CCE481F00C0B7DB /* MainViewController.swift in Sources */ = {isa = PBXBuildFile; fileRef = FCCBF0011CCE481F00C0B7DB /* MainViewController.swift */; };
		FCCBF0051CCE481F00C0B7DB /* Main.storyboard in Resources */ = {isa = PBXBuildFile; fileRef = FCCBF0031CCE481F00C0B7DB /* Main.storyboard */; };
		FCCBF0081CCE481F00C0B7DB /* troiswaresto.xcdatamodeld in Sources */ = {isa = PBXBuildFile; fileRef = FCCBF0061CCE481F00C0B7DB /* troiswaresto.xcdatamodeld */; };
		FCCBF00A1CCE481F00C0B7DB /* Assets.xcassets in Resources */ = {isa = PBXBuildFile; fileRef = FCCBF0091CCE481F00C0B7DB /* Assets.xcassets */; };
		FCCBF00D1CCE481F00C0B7DB /* LaunchScreen.storyboard in Resources */ = {isa = PBXBuildFile; fileRef = FCCBF00B1CCE481F00C0B7DB /* LaunchScreen.storyboard */; };
		FCCBF0181CCE481F00C0B7DB /* troiswarestoTests.swift in Sources */ = {isa = PBXBuildFile; fileRef = FCCBF0171CCE481F00C0B7DB /* troiswarestoTests.swift */; };
		FCCBF0231CCE481F00C0B7DB /* troiswarestoUITests.swift in Sources */ = {isa = PBXBuildFile; fileRef = FCCBF0221CCE481F00C0B7DB /* troiswarestoUITests.swift */; };
		FCCBF0311CCE486000C0B7DB /* Utilities.swift in Sources */ = {isa = PBXBuildFile; fileRef = FCCBF0301CCE486000C0B7DB /* Utilities.swift */; };
		FCCBF0341CCE48E000C0B7DB /* Resto.swift in Sources */ = {isa = PBXBuildFile; fileRef = FCCBF0331CCE48E000C0B7DB /* Resto.swift */; };
		FCCBF0361CCE4A1500C0B7DB /* Review.swift in Sources */ = {isa = PBXBuildFile; fileRef = FCCBF0351CCE4A1500C0B7DB /* Review.swift */; };
		FCCBF0381CCE4D8C00C0B7DB /* RestosViewController.swift in Sources */ = {isa = PBXBuildFile; fileRef = FCCBF0371CCE4D8C00C0B7DB /* RestosViewController.swift */; };
		FCCBF03A1CCE58ED00C0B7DB /* RestoCell.swift in Sources */ = {isa = PBXBuildFile; fileRef = FCCBF0391CCE58ED00C0B7DB /* RestoCell.swift */; };
		FCCBF03C1CCE5D1B00C0B7DB /* RestoDetailViewController.swift in Sources */ = {isa = PBXBuildFile; fileRef = FCCBF03B1CCE5D1B00C0B7DB /* RestoDetailViewController.swift */; };
		FCCBF03E1CCF5C6900C0B7DB /* ReviewCell.swift in Sources */ = {isa = PBXBuildFile; fileRef = FCCBF03D1CCF5C6900C0B7DB /* ReviewCell.swift */; };
		FCCBF0401CCF795A00C0B7DB /* AddCell.swift in Sources */ = {isa = PBXBuildFile; fileRef = FCCBF03F1CCF795A00C0B7DB /* AddCell.swift */; };
		FCCBF0421CCF809700C0B7DB /* CommentViewController.swift in Sources */ = {isa = PBXBuildFile; fileRef = FCCBF0411CCF809700C0B7DB /* CommentViewController.swift */; };
		FCCBF0441CCF928600C0B7DB /* MapViewController.swift in Sources */ = {isa = PBXBuildFile; fileRef = FCCBF0431CCF928600C0B7DB /* MapViewController.swift */; };
		FCCBF0461CCF9AAE00C0B7DB /* Model.swift in Sources */ = {isa = PBXBuildFile; fileRef = FCCBF0451CCF9AAE00C0B7DB /* Model.swift */; };
		FCCBF0481CD0C64000C0B7DB /* Parameters.swift in Sources */ = {isa = PBXBuildFile; fileRef = FCCBF0471CD0C64000C0B7DB /* Parameters.swift */; };
/* End PBXBuildFile section */

/* Begin PBXContainerItemProxy section */
		FCCBF0141CCE481F00C0B7DB /* PBXContainerItemProxy */ = {
			isa = PBXContainerItemProxy;
			containerPortal = FCCBEFF41CCE481F00C0B7DB /* Project object */;
			proxyType = 1;
			remoteGlobalIDString = FCCBEFFB1CCE481F00C0B7DB;
			remoteInfo = troiswaresto;
		};
		FCCBF01F1CCE481F00C0B7DB /* PBXContainerItemProxy */ = {
			isa = PBXContainerItemProxy;
			containerPortal = FCCBEFF41CCE481F00C0B7DB /* Project object */;
			proxyType = 1;
			remoteGlobalIDString = FCCBEFFB1CCE481F00C0B7DB;
			remoteInfo = troiswaresto;
		};
/* End PBXContainerItemProxy section */

/* Begin PBXFileReference section */
		39C510BA9868243A1B98C0E1 /* Pods_troiswaresto.framework */ = {isa = PBXFileReference; explicitFileType = wrapper.framework; includeInIndex = 0; path = Pods_troiswaresto.framework; sourceTree = BUILT_PRODUCTS_DIR; };
		4630B55084E73804815DA6E2 /* Pods-troiswaresto.release.xcconfig */ = {isa = PBXFileReference; includeInIndex = 1; lastKnownFileType = text.xcconfig; name = "Pods-troiswaresto.release.xcconfig"; path = "Pods/Target Support Files/Pods-troiswaresto/Pods-troiswaresto.release.xcconfig"; sourceTree = "<group>"; };
		944A6DF970D8BC0F6AD6091D /* Pods-troiswaresto.debug.xcconfig */ = {isa = PBXFileReference; includeInIndex = 1; lastKnownFileType = text.xcconfig; name = "Pods-troiswaresto.debug.xcconfig"; path = "Pods/Target Support Files/Pods-troiswaresto/Pods-troiswaresto.debug.xcconfig"; sourceTree = "<group>"; };
		FC389ACD1CE22FFC00F26A31 /* CoreDataReview+CoreDataProperties.swift */ = {isa = PBXFileReference; fileEncoding = 4; lastKnownFileType = sourcecode.swift; path = "CoreDataReview+CoreDataProperties.swift"; sourceTree = "<group>"; };
		FC389ACE1CE22FFC00F26A31 /* CoreDataReview.swift */ = {isa = PBXFileReference; fileEncoding = 4; lastKnownFileType = sourcecode.swift; path = CoreDataReview.swift; sourceTree = "<group>"; };
		FC389ACF1CE22FFC00F26A31 /* CoreDataUser+CoreDataProperties.swift */ = {isa = PBXFileReference; fileEncoding = 4; lastKnownFileType = sourcecode.swift; path = "CoreDataUser+CoreDataProperties.swift"; sourceTree = "<group>"; };
		FC389AD01CE22FFC00F26A31 /* CoreDataUser.swift */ = {isa = PBXFileReference; fileEncoding = 4; lastKnownFileType = sourcecode.swift; path = CoreDataUser.swift; sourceTree = "<group>"; };
		FC74BA581CDC952900D9037B /* fr */ = {isa = PBXFileReference; lastKnownFileType = text.plist.strings; name = fr; path = fr.lproj/Main.strings; sourceTree = "<group>"; };
		FC74BA591CDC952900D9037B /* fr */ = {isa = PBXFileReference; lastKnownFileType = text.plist.strings; name = fr; path = fr.lproj/LaunchScreen.strings; sourceTree = "<group>"; };
		FC74BA601CDC965300D9037B /* en */ = {isa = PBXFileReference; lastKnownFileType = image.png; name = en; path = en.lproj/imageen.png; sourceTree = "<group>"; };
		FC74BA621CDC965700D9037B /* fr */ = {isa = PBXFileReference; lastKnownFileType = image.png; name = fr; path = fr.lproj/imageen.png; sourceTree = "<group>"; };
		FC74BA661CDC9BB400D9037B /* en */ = {isa = PBXFileReference; lastKnownFileType = text.plist.strings; name = en; path = en.lproj/Localizable.strings; sourceTree = "<group>"; };
		FC74BA681CDC9BBD00D9037B /* fr */ = {isa = PBXFileReference; lastKnownFileType = text.plist.strings; name = fr; path = fr.lproj/Localizable.strings; sourceTree = "<group>"; };
		FC74BA691CDCC2E900D9037B /* WelcomeViewController.swift */ = {isa = PBXFileReference; fileEncoding = 4; lastKnownFileType = sourcecode.swift; name = WelcomeViewController.swift; path = ../WelcomeViewController.swift; sourceTree = "<group>"; };
		FC74BA6B1CDCC3AD00D9037B /* LoginViewController.swift */ = {isa = PBXFileReference; fileEncoding = 4; lastKnownFileType = sourcecode.swift; name = LoginViewController.swift; path = ../LoginViewController.swift; sourceTree = "<group>"; };
		FC74BA6D1CDCC3C100D9037B /* CreateAccountViewController.swift */ = {isa = PBXFileReference; fileEncoding = 4; lastKnownFileType = sourcecode.swift; name = CreateAccountViewController.swift; path = ../CreateAccountViewController.swift; sourceTree = "<group>"; };
		FC74BA6F1CDCE74000D9037B /* User.swift */ = {isa = PBXFileReference; fileEncoding = 4; lastKnownFileType = sourcecode.swift; path = User.swift; sourceTree = "<group>"; };
		FC74BA711CDCEAF100D9037B /* FirebaseHelper.swift */ = {isa = PBXFileReference; fileEncoding = 4; lastKnownFileType = sourcecode.swift; path = FirebaseHelper.swift; sourceTree = "<group>"; };
		FC74BA771CE1DBE800D9037B /* CoreDataHelper.swift */ = {isa = PBXFileReference; fileEncoding = 4; lastKnownFileType = sourcecode.swift; path = CoreDataHelper.swift; sourceTree = "<group>"; };
		FC8548DE1CD2211F000B94EE /* NewRestoViewController.swift */ = {isa = PBXFileReference; fileEncoding = 4; lastKnownFileType = sourcecode.swift; path = NewRestoViewController.swift; sourceTree = "<group>"; };
		FCCBEFFC1CCE481F00C0B7DB /* troiswaresto.app */ = {isa = PBXFileReference; explicitFileType = wrapper.application; includeInIndex = 0; path = troiswaresto.app; sourceTree = BUILT_PRODUCTS_DIR; };
		FCCBEFFF1CCE481F00C0B7DB /* AppDelegate.swift */ = {isa = PBXFileReference; lastKnownFileType = sourcecode.swift; path = AppDelegate.swift; sourceTree = "<group>"; };
		FCCBF0011CCE481F00C0B7DB /* MainViewController.swift */ = {isa = PBXFileReference; lastKnownFileType = sourcecode.swift; path = MainViewController.swift; sourceTree = "<group>"; };
		FCCBF0041CCE481F00C0B7DB /* Base */ = {isa = PBXFileReference; lastKnownFileType = file.storyboard; name = Base; path = Base.lproj/Main.storyboard; sourceTree = "<group>"; };
		FCCBF0071CCE481F00C0B7DB /* troiswaresto.xcdatamodel */ = {isa = PBXFileReference; lastKnownFileType = wrapper.xcdatamodel; path = troiswaresto.xcdatamodel; sourceTree = "<group>"; };
		FCCBF0091CCE481F00C0B7DB /* Assets.xcassets */ = {isa = PBXFileReference; lastKnownFileType = folder.assetcatalog; path = Assets.xcassets; sourceTree = "<group>"; };
		FCCBF00C1CCE481F00C0B7DB /* Base */ = {isa = PBXFileReference; lastKnownFileType = file.storyboard; name = Base; path = Base.lproj/LaunchScreen.storyboard; sourceTree = "<group>"; };
		FCCBF00E1CCE481F00C0B7DB /* Info.plist */ = {isa = PBXFileReference; lastKnownFileType = text.plist.xml; path = Info.plist; sourceTree = "<group>"; };
		FCCBF0131CCE481F00C0B7DB /* troiswarestoTests.xctest */ = {isa = PBXFileReference; explicitFileType = wrapper.cfbundle; includeInIndex = 0; path = troiswarestoTests.xctest; sourceTree = BUILT_PRODUCTS_DIR; };
		FCCBF0171CCE481F00C0B7DB /* troiswarestoTests.swift */ = {isa = PBXFileReference; lastKnownFileType = sourcecode.swift; path = troiswarestoTests.swift; sourceTree = "<group>"; };
		FCCBF0191CCE481F00C0B7DB /* Info.plist */ = {isa = PBXFileReference; lastKnownFileType = text.plist.xml; path = Info.plist; sourceTree = "<group>"; };
		FCCBF01E1CCE481F00C0B7DB /* troiswarestoUITests.xctest */ = {isa = PBXFileReference; explicitFileType = wrapper.cfbundle; includeInIndex = 0; path = troiswarestoUITests.xctest; sourceTree = BUILT_PRODUCTS_DIR; };
		FCCBF0221CCE481F00C0B7DB /* troiswarestoUITests.swift */ = {isa = PBXFileReference; lastKnownFileType = sourcecode.swift; path = troiswarestoUITests.swift; sourceTree = "<group>"; };
		FCCBF0241CCE481F00C0B7DB /* Info.plist */ = {isa = PBXFileReference; lastKnownFileType = text.plist.xml; path = Info.plist; sourceTree = "<group>"; };
		FCCBF0301CCE486000C0B7DB /* Utilities.swift */ = {isa = PBXFileReference; fileEncoding = 4; lastKnownFileType = sourcecode.swift; path = Utilities.swift; sourceTree = "<group>"; };
		FCCBF0331CCE48E000C0B7DB /* Resto.swift */ = {isa = PBXFileReference; fileEncoding = 4; lastKnownFileType = sourcecode.swift; path = Resto.swift; sourceTree = "<group>"; };
		FCCBF0351CCE4A1500C0B7DB /* Review.swift */ = {isa = PBXFileReference; fileEncoding = 4; lastKnownFileType = sourcecode.swift; path = Review.swift; sourceTree = "<group>"; };
		FCCBF0371CCE4D8C00C0B7DB /* RestosViewController.swift */ = {isa = PBXFileReference; fileEncoding = 4; lastKnownFileType = sourcecode.swift; path = RestosViewController.swift; sourceTree = "<group>"; };
		FCCBF0391CCE58ED00C0B7DB /* RestoCell.swift */ = {isa = PBXFileReference; fileEncoding = 4; lastKnownFileType = sourcecode.swift; path = RestoCell.swift; sourceTree = "<group>"; };
		FCCBF03B1CCE5D1B00C0B7DB /* RestoDetailViewController.swift */ = {isa = PBXFileReference; fileEncoding = 4; lastKnownFileType = sourcecode.swift; path = RestoDetailViewController.swift; sourceTree = "<group>"; };
		FCCBF03D1CCF5C6900C0B7DB /* ReviewCell.swift */ = {isa = PBXFileReference; fileEncoding = 4; lastKnownFileType = sourcecode.swift; path = ReviewCell.swift; sourceTree = "<group>"; };
		FCCBF03F1CCF795A00C0B7DB /* AddCell.swift */ = {isa = PBXFileReference; fileEncoding = 4; lastKnownFileType = sourcecode.swift; path = AddCell.swift; sourceTree = "<group>"; };
		FCCBF0411CCF809700C0B7DB /* CommentViewController.swift */ = {isa = PBXFileReference; fileEncoding = 4; lastKnownFileType = sourcecode.swift; name = CommentViewController.swift; path = ../CommentViewController.swift; sourceTree = "<group>"; };
		FCCBF0431CCF928600C0B7DB /* MapViewController.swift */ = {isa = PBXFileReference; fileEncoding = 4; lastKnownFileType = sourcecode.swift; path = MapViewController.swift; sourceTree = "<group>"; };
		FCCBF0451CCF9AAE00C0B7DB /* Model.swift */ = {isa = PBXFileReference; fileEncoding = 4; lastKnownFileType = sourcecode.swift; path = Model.swift; sourceTree = "<group>"; };
		FCCBF0471CD0C64000C0B7DB /* Parameters.swift */ = {isa = PBXFileReference; fileEncoding = 4; lastKnownFileType = sourcecode.swift; path = Parameters.swift; sourceTree = "<group>"; };
/* End PBXFileReference section */

/* Begin PBXFrameworksBuildPhase section */
		FCCBEFF91CCE481F00C0B7DB /* Frameworks */ = {
			isa = PBXFrameworksBuildPhase;
			buildActionMask = 2147483647;
			files = (
				CEA6B5E072D012C1C9604A40 /* Pods_troiswaresto.framework in Frameworks */,
			);
			runOnlyForDeploymentPostprocessing = 0;
		};
		FCCBF0101CCE481F00C0B7DB /* Frameworks */ = {
			isa = PBXFrameworksBuildPhase;
			buildActionMask = 2147483647;
			files = (
			);
			runOnlyForDeploymentPostprocessing = 0;
		};
		FCCBF01B1CCE481F00C0B7DB /* Frameworks */ = {
			isa = PBXFrameworksBuildPhase;
			buildActionMask = 2147483647;
			files = (
			);
			runOnlyForDeploymentPostprocessing = 0;
		};
/* End PBXFrameworksBuildPhase section */

/* Begin PBXGroup section */
		29905DA3F095C7EF5E5D6E3C /* Pods */ = {
			isa = PBXGroup;
			children = (
				944A6DF970D8BC0F6AD6091D /* Pods-troiswaresto.debug.xcconfig */,
				4630B55084E73804815DA6E2 /* Pods-troiswaresto.release.xcconfig */,
			);
			name = Pods;
			sourceTree = "<group>";
		};
		A01D45EBC8E2F4A119FD853B /* Frameworks */ = {
			isa = PBXGroup;
			children = (
				39C510BA9868243A1B98C0E1 /* Pods_troiswaresto.framework */,
			);
			name = Frameworks;
			sourceTree = "<group>";
		};
		FC389ACC1CE22FC600F26A31 /* supporting files */ = {
			isa = PBXGroup;
			children = (
				FCCBF0301CCE486000C0B7DB /* Utilities.swift */,
				FC389ACD1CE22FFC00F26A31 /* CoreDataReview+CoreDataProperties.swift */,
				FC389ACE1CE22FFC00F26A31 /* CoreDataReview.swift */,
				FC389ACF1CE22FFC00F26A31 /* CoreDataUser+CoreDataProperties.swift */,
				FC389AD01CE22FFC00F26A31 /* CoreDataUser.swift */,
			);
			name = "supporting files";
			sourceTree = "<group>";
		};
		FC74BA5A1CDC953400D9037B /* Images */ = {
			isa = PBXGroup;
			children = (
				FC74BA611CDC965300D9037B /* imageen.png */,
			);
			name = Images;
			sourceTree = "<group>";
		};
		FCCBEFF31CCE481F00C0B7DB = {
			isa = PBXGroup;
			children = (
				FCCBEFFE1CCE481F00C0B7DB /* troiswaresto */,
				FCCBF0161CCE481F00C0B7DB /* troiswarestoTests */,
				FCCBF0211CCE481F00C0B7DB /* troiswarestoUITests */,
				FCCBEFFD1CCE481F00C0B7DB /* Products */,
				29905DA3F095C7EF5E5D6E3C /* Pods */,
				A01D45EBC8E2F4A119FD853B /* Frameworks */,
			);
			sourceTree = "<group>";
		};
		FCCBEFFD1CCE481F00C0B7DB /* Products */ = {
			isa = PBXGroup;
			children = (
				FCCBEFFC1CCE481F00C0B7DB /* troiswaresto.app */,
				FCCBF0131CCE481F00C0B7DB /* troiswarestoTests.xctest */,
				FCCBF01E1CCE481F00C0B7DB /* troiswarestoUITests.xctest */,
			);
			name = Products;
			sourceTree = "<group>";
		};
		FCCBEFFE1CCE481F00C0B7DB /* troiswaresto */ = {
			isa = PBXGroup;
			children = (
				FCCBF0031CCE481F00C0B7DB /* Main.storyboard */,
				FCCBF00B1CCE481F00C0B7DB /* LaunchScreen.storyboard */,
				FCCBF0091CCE481F00C0B7DB /* Assets.xcassets */,
				FC74BA5A1CDC953400D9037B /* Images */,
				FCCBF04A1CD1038B00C0B7DB /* Cell */,
				FCCBF0491CD102FA00C0B7DB /* Controllers */,
				FCCBF0321CCE48BA00C0B7DB /* Model */,
				FC389ACC1CE22FC600F26A31 /* supporting files */,
				FCCBEFFF1CCE481F00C0B7DB /* AppDelegate.swift */,
				FCCBF00E1CCE481F00C0B7DB /* Info.plist */,
				FCCBF0061CCE481F00C0B7DB /* troiswaresto.xcdatamodeld */,
			);
			path = troiswaresto;
			sourceTree = "<group>";
		};
		FCCBF0161CCE481F00C0B7DB /* troiswarestoTests */ = {
			isa = PBXGroup;
			children = (
				FCCBF0171CCE481F00C0B7DB /* troiswarestoTests.swift */,
				FCCBF0191CCE481F00C0B7DB /* Info.plist */,
			);
			path = troiswarestoTests;
			sourceTree = "<group>";
		};
		FCCBF0211CCE481F00C0B7DB /* troiswarestoUITests */ = {
			isa = PBXGroup;
			children = (
				FCCBF0221CCE481F00C0B7DB /* troiswarestoUITests.swift */,
				FCCBF0241CCE481F00C0B7DB /* Info.plist */,
			);
			path = troiswarestoUITests;
			sourceTree = "<group>";
		};
		FCCBF0321CCE48BA00C0B7DB /* Model */ = {
			isa = PBXGroup;
			children = (
				FC74BA6F1CDCE74000D9037B /* User.swift */,
				FCCBF0331CCE48E000C0B7DB /* Resto.swift */,
				FCCBF0351CCE4A1500C0B7DB /* Review.swift */,
				FCCBF0451CCF9AAE00C0B7DB /* Model.swift */,
				FCCBF0471CD0C64000C0B7DB /* Parameters.swift */,
				FC74BA771CE1DBE800D9037B /* CoreDataHelper.swift */,
				FC74BA711CDCEAF100D9037B /* FirebaseHelper.swift */,
			);
			name = Model;
			sourceTree = "<group>";
		};
		FCCBF0491CD102FA00C0B7DB /* Controllers */ = {
			isa = PBXGroup;
			children = (
				FCCBF0411CCF809700C0B7DB /* CommentViewController.swift */,
				FC74BA6D1CDCC3C100D9037B /* CreateAccountViewController.swift */,
				FC74BA671CDC9BB400D9037B /* Localizable.strings */,
				FC74BA6B1CDCC3AD00D9037B /* LoginViewController.swift */,
				FCCBF0011CCE481F00C0B7DB /* MainViewController.swift */,
				FCCBF0431CCF928600C0B7DB /* MapViewController.swift */,
				FC8548DE1CD2211F000B94EE /* NewRestoViewController.swift */,
				FCCBF03B1CCE5D1B00C0B7DB /* RestoDetailViewController.swift */,
				FCCBF0371CCE4D8C00C0B7DB /* RestosViewController.swift */,
				FC74BA691CDCC2E900D9037B /* WelcomeViewController.swift */,
			);
			name = Controllers;
			sourceTree = "<group>";
		};
		FCCBF04A1CD1038B00C0B7DB /* Cell */ = {
			isa = PBXGroup;
			children = (
				FCCBF03D1CCF5C6900C0B7DB /* ReviewCell.swift */,
				FCCBF03F1CCF795A00C0B7DB /* AddCell.swift */,
				FCCBF0391CCE58ED00C0B7DB /* RestoCell.swift */,
			);
			name = Cell;
			sourceTree = "<group>";
		};
/* End PBXGroup section */

/* Begin PBXNativeTarget section */
		FCCBEFFB1CCE481F00C0B7DB /* troiswaresto */ = {
			isa = PBXNativeTarget;
			buildConfigurationList = FCCBF0271CCE481F00C0B7DB /* Build configuration list for PBXNativeTarget "troiswaresto" */;
			buildPhases = (
				7FC4BFDBE71D0826314CFC50 /* Check Pods Manifest.lock */,
				FCCBEFF81CCE481F00C0B7DB /* Sources */,
				FCCBEFF91CCE481F00C0B7DB /* Frameworks */,
				FCCBEFFA1CCE481F00C0B7DB /* Resources */,
				B1FFA090D3B155B1544FC95F /* Embed Pods Frameworks */,
				73AA72BAA60F5BF117B2B94D /* Copy Pods Resources */,
			);
			buildRules = (
			);
			dependencies = (
			);
			name = troiswaresto;
			productName = troiswaresto;
			productReference = FCCBEFFC1CCE481F00C0B7DB /* troiswaresto.app */;
			productType = "com.apple.product-type.application";
		};
		FCCBF0121CCE481F00C0B7DB /* troiswarestoTests */ = {
			isa = PBXNativeTarget;
			buildConfigurationList = FCCBF02A1CCE481F00C0B7DB /* Build configuration list for PBXNativeTarget "troiswarestoTests" */;
			buildPhases = (
				FCCBF00F1CCE481F00C0B7DB /* Sources */,
				FCCBF0101CCE481F00C0B7DB /* Frameworks */,
				FCCBF0111CCE481F00C0B7DB /* Resources */,
			);
			buildRules = (
			);
			dependencies = (
				FCCBF0151CCE481F00C0B7DB /* PBXTargetDependency */,
			);
			name = troiswarestoTests;
			productName = troiswarestoTests;
			productReference = FCCBF0131CCE481F00C0B7DB /* troiswarestoTests.xctest */;
			productType = "com.apple.product-type.bundle.unit-test";
		};
		FCCBF01D1CCE481F00C0B7DB /* troiswarestoUITests */ = {
			isa = PBXNativeTarget;
			buildConfigurationList = FCCBF02D1CCE481F00C0B7DB /* Build configuration list for PBXNativeTarget "troiswarestoUITests" */;
			buildPhases = (
				FCCBF01A1CCE481F00C0B7DB /* Sources */,
				FCCBF01B1CCE481F00C0B7DB /* Frameworks */,
				FCCBF01C1CCE481F00C0B7DB /* Resources */,
			);
			buildRules = (
			);
			dependencies = (
				FCCBF0201CCE481F00C0B7DB /* PBXTargetDependency */,
			);
			name = troiswarestoUITests;
			productName = troiswarestoUITests;
			productReference = FCCBF01E1CCE481F00C0B7DB /* troiswarestoUITests.xctest */;
			productType = "com.apple.product-type.bundle.ui-testing";
		};
/* End PBXNativeTarget section */

/* Begin PBXProject section */
		FCCBEFF41CCE481F00C0B7DB /* Project object */ = {
			isa = PBXProject;
			attributes = {
				LastSwiftUpdateCheck = 0730;
				LastUpgradeCheck = 0730;
				ORGANIZATIONNAME = francois;
				TargetAttributes = {
					FCCBEFFB1CCE481F00C0B7DB = {
						CreatedOnToolsVersion = 7.3;
						DevelopmentTeam = HU4UZMPT62;
					};
					FCCBF0121CCE481F00C0B7DB = {
						CreatedOnToolsVersion = 7.3;
						TestTargetID = FCCBEFFB1CCE481F00C0B7DB;
					};
					FCCBF01D1CCE481F00C0B7DB = {
						CreatedOnToolsVersion = 7.3;
						TestTargetID = FCCBEFFB1CCE481F00C0B7DB;
					};
				};
			};
			buildConfigurationList = FCCBEFF71CCE481F00C0B7DB /* Build configuration list for PBXProject "troiswaresto" */;
			compatibilityVersion = "Xcode 3.2";
			developmentRegion = English;
			hasScannedForEncodings = 0;
			knownRegions = (
				en,
				Base,
				fr,
			);
			mainGroup = FCCBEFF31CCE481F00C0B7DB;
			productRefGroup = FCCBEFFD1CCE481F00C0B7DB /* Products */;
			projectDirPath = "";
			projectRoot = "";
			targets = (
				FCCBEFFB1CCE481F00C0B7DB /* troiswaresto */,
				FCCBF0121CCE481F00C0B7DB /* troiswarestoTests */,
				FCCBF01D1CCE481F00C0B7DB /* troiswarestoUITests */,
			);
		};
/* End PBXProject section */

/* Begin PBXResourcesBuildPhase section */
		FCCBEFFA1CCE481F00C0B7DB /* Resources */ = {
			isa = PBXResourcesBuildPhase;
			buildActionMask = 2147483647;
			files = (
				FC74BA651CDC9BB400D9037B /* Localizable.strings in Resources */,
				FCCBF00D1CCE481F00C0B7DB /* LaunchScreen.storyboard in Resources */,
				FC74BA5F1CDC965300D9037B /* imageen.png in Resources */,
				FCCBF00A1CCE481F00C0B7DB /* Assets.xcassets in Resources */,
				FCCBF0051CCE481F00C0B7DB /* Main.storyboard in Resources */,
			);
			runOnlyForDeploymentPostprocessing = 0;
		};
		FCCBF0111CCE481F00C0B7DB /* Resources */ = {
			isa = PBXResourcesBuildPhase;
			buildActionMask = 2147483647;
			files = (
			);
			runOnlyForDeploymentPostprocessing = 0;
		};
		FCCBF01C1CCE481F00C0B7DB /* Resources */ = {
			isa = PBXResourcesBuildPhase;
			buildActionMask = 2147483647;
			files = (
			);
			runOnlyForDeploymentPostprocessing = 0;
		};
/* End PBXResourcesBuildPhase section */

/* Begin PBXShellScriptBuildPhase section */
		73AA72BAA60F5BF117B2B94D /* Copy Pods Resources */ = {
			isa = PBXShellScriptBuildPhase;
			buildActionMask = 2147483647;
			files = (
			);
			inputPaths = (
			);
			name = "Copy Pods Resources";
			outputPaths = (
			);
			runOnlyForDeploymentPostprocessing = 0;
			shellPath = /bin/sh;
			shellScript = "\"${SRCROOT}/Pods/Target Support Files/Pods-troiswaresto/Pods-troiswaresto-resources.sh\"\n";
			showEnvVarsInLog = 0;
		};
		7FC4BFDBE71D0826314CFC50 /* Check Pods Manifest.lock */ = {
			isa = PBXShellScriptBuildPhase;
			buildActionMask = 2147483647;
			files = (
			);
			inputPaths = (
			);
			name = "Check Pods Manifest.lock";
			outputPaths = (
			);
			runOnlyForDeploymentPostprocessing = 0;
			shellPath = /bin/sh;
			shellScript = "diff \"${PODS_ROOT}/../Podfile.lock\" \"${PODS_ROOT}/Manifest.lock\" > /dev/null\nif [[ $? != 0 ]] ; then\n    cat << EOM\nerror: The sandbox is not in sync with the Podfile.lock. Run 'pod install' or update your CocoaPods installation.\nEOM\n    exit 1\nfi\n";
			showEnvVarsInLog = 0;
		};
		B1FFA090D3B155B1544FC95F /* Embed Pods Frameworks */ = {
			isa = PBXShellScriptBuildPhase;
			buildActionMask = 2147483647;
			files = (
			);
			inputPaths = (
			);
			name = "Embed Pods Frameworks";
			outputPaths = (
			);
			runOnlyForDeploymentPostprocessing = 0;
			shellPath = /bin/sh;
			shellScript = "\"${SRCROOT}/Pods/Target Support Files/Pods-troiswaresto/Pods-troiswaresto-frameworks.sh\"\n";
			showEnvVarsInLog = 0;
		};
/* End PBXShellScriptBuildPhase section */

/* Begin PBXSourcesBuildPhase section */
		FCCBEFF81CCE481F00C0B7DB /* Sources */ = {
			isa = PBXSourcesBuildPhase;
			buildActionMask = 2147483647;
			files = (
				FC74BA6C1CDCC3AD00D9037B /* LoginViewController.swift in Sources */,
				FCCBF0021CCE481F00C0B7DB /* MainViewController.swift in Sources */,
				FCCBF03E1CCF5C6900C0B7DB /* ReviewCell.swift in Sources */,
				FCCBF0081CCE481F00C0B7DB /* troiswaresto.xcdatamodeld in Sources */,
				FC389AD21CE22FFC00F26A31 /* CoreDataReview.swift in Sources */,
				FCCBF03C1CCE5D1B00C0B7DB /* RestoDetailViewController.swift in Sources */,
				FCCBF0341CCE48E000C0B7DB /* Resto.swift in Sources */,
				FC74BA6A1CDCC2E900D9037B /* WelcomeViewController.swift in Sources */,
				FC74BA721CDCEAF200D9037B /* FirebaseHelper.swift in Sources */,
				FC389AD11CE22FFC00F26A31 /* CoreDataReview+CoreDataProperties.swift in Sources */,
				FCCBF0481CD0C64000C0B7DB /* Parameters.swift in Sources */,
				FC389AD41CE22FFC00F26A31 /* CoreDataUser.swift in Sources */,
				FC74BA701CDCE74000D9037B /* User.swift in Sources */,
				FCCBF0311CCE486000C0B7DB /* Utilities.swift in Sources */,
				FCCBF0441CCF928600C0B7DB /* MapViewController.swift in Sources */,
				FC389AD31CE22FFC00F26A31 /* CoreDataUser+CoreDataProperties.swift in Sources */,
				FCCBF0461CCF9AAE00C0B7DB /* Model.swift in Sources */,
				FC74BA6E1CDCC3C100D9037B /* CreateAccountViewController.swift in Sources */,
				FCCBF0001CCE481F00C0B7DB /* AppDelegate.swift in Sources */,
				FCCBF0381CCE4D8C00C0B7DB /* RestosViewController.swift in Sources */,
				FCCBF0421CCF809700C0B7DB /* CommentViewController.swift in Sources */,
				FC74BA781CE1DBE800D9037B /* CoreDataHelper.swift in Sources */,
				FCCBF03A1CCE58ED00C0B7DB /* RestoCell.swift in Sources */,
				FC8548DF1CD2211F000B94EE /* NewRestoViewController.swift in Sources */,
				FCCBF0401CCF795A00C0B7DB /* AddCell.swift in Sources */,
				FCCBF0361CCE4A1500C0B7DB /* Review.swift in Sources */,
			);
			runOnlyForDeploymentPostprocessing = 0;
		};
		FCCBF00F1CCE481F00C0B7DB /* Sources */ = {
			isa = PBXSourcesBuildPhase;
			buildActionMask = 2147483647;
			files = (
				FCCBF0181CCE481F00C0B7DB /* troiswarestoTests.swift in Sources */,
			);
			runOnlyForDeploymentPostprocessing = 0;
		};
		FCCBF01A1CCE481F00C0B7DB /* Sources */ = {
			isa = PBXSourcesBuildPhase;
			buildActionMask = 2147483647;
			files = (
				FCCBF0231CCE481F00C0B7DB /* troiswarestoUITests.swift in Sources */,
			);
			runOnlyForDeploymentPostprocessing = 0;
		};
/* End PBXSourcesBuildPhase section */

/* Begin PBXTargetDependency section */
		FCCBF0151CCE481F00C0B7DB /* PBXTargetDependency */ = {
			isa = PBXTargetDependency;
			target = FCCBEFFB1CCE481F00C0B7DB /* troiswaresto */;
			targetProxy = FCCBF0141CCE481F00C0B7DB /* PBXContainerItemProxy */;
		};
		FCCBF0201CCE481F00C0B7DB /* PBXTargetDependency */ = {
			isa = PBXTargetDependency;
			target = FCCBEFFB1CCE481F00C0B7DB /* troiswaresto */;
			targetProxy = FCCBF01F1CCE481F00C0B7DB /* PBXContainerItemProxy */;
		};
/* End PBXTargetDependency section */

/* Begin PBXVariantGroup section */
		FC74BA611CDC965300D9037B /* imageen.png */ = {
			isa = PBXVariantGroup;
			children = (
				FC74BA601CDC965300D9037B /* en */,
				FC74BA621CDC965700D9037B /* fr */,
			);
			name = imageen.png;
			sourceTree = "<group>";
		};
		FC74BA671CDC9BB400D9037B /* Localizable.strings */ = {
			isa = PBXVariantGroup;
			children = (
				FC74BA661CDC9BB400D9037B /* en */,
				FC74BA681CDC9BBD00D9037B /* fr */,
			);
			name = Localizable.strings;
			sourceTree = "<group>";
		};
		FCCBF0031CCE481F00C0B7DB /* Main.storyboard */ = {
			isa = PBXVariantGroup;
			children = (
				FCCBF0041CCE481F00C0B7DB /* Base */,
				FC74BA581CDC952900D9037B /* fr */,
			);
			name = Main.storyboard;
			sourceTree = "<group>";
		};
		FCCBF00B1CCE481F00C0B7DB /* LaunchScreen.storyboard */ = {
			isa = PBXVariantGroup;
			children = (
				FCCBF00C1CCE481F00C0B7DB /* Base */,
				FC74BA591CDC952900D9037B /* fr */,
			);
			name = LaunchScreen.storyboard;
			sourceTree = "<group>";
		};
/* End PBXVariantGroup section */

/* Begin XCBuildConfiguration section */
		FCCBF0251CCE481F00C0B7DB /* Debug */ = {
			isa = XCBuildConfiguration;
			buildSettings = {
				ALWAYS_SEARCH_USER_PATHS = NO;
				CLANG_ANALYZER_NONNULL = YES;
				CLANG_CXX_LANGUAGE_STANDARD = "gnu++0x";
				CLANG_CXX_LIBRARY = "libc++";
				CLANG_ENABLE_MODULES = YES;
				CLANG_ENABLE_OBJC_ARC = YES;
				CLANG_WARN_BOOL_CONVERSION = YES;
				CLANG_WARN_CONSTANT_CONVERSION = YES;
				CLANG_WARN_DIRECT_OBJC_ISA_USAGE = YES_ERROR;
				CLANG_WARN_EMPTY_BODY = YES;
				CLANG_WARN_ENUM_CONVERSION = YES;
				CLANG_WARN_INT_CONVERSION = YES;
				CLANG_WARN_OBJC_ROOT_CLASS = YES_ERROR;
				CLANG_WARN_UNREACHABLE_CODE = YES;
				CLANG_WARN__DUPLICATE_METHOD_MATCH = YES;
				"CODE_SIGN_IDENTITY[sdk=iphoneos*]" = "iPhone Developer";
				COPY_PHASE_STRIP = NO;
				DEBUG_INFORMATION_FORMAT = dwarf;
				ENABLE_STRICT_OBJC_MSGSEND = YES;
				ENABLE_TESTABILITY = YES;
				GCC_C_LANGUAGE_STANDARD = gnu99;
				GCC_DYNAMIC_NO_PIC = NO;
				GCC_NO_COMMON_BLOCKS = YES;
				GCC_OPTIMIZATION_LEVEL = 0;
				GCC_PREPROCESSOR_DEFINITIONS = (
					"DEBUG=1",
					"$(inherited)",
				);
				GCC_WARN_64_TO_32_BIT_CONVERSION = YES;
				GCC_WARN_ABOUT_RETURN_TYPE = YES_ERROR;
				GCC_WARN_UNDECLARED_SELECTOR = YES;
				GCC_WARN_UNINITIALIZED_AUTOS = YES_AGGRESSIVE;
				GCC_WARN_UNUSED_FUNCTION = YES;
				GCC_WARN_UNUSED_VARIABLE = YES;
				IPHONEOS_DEPLOYMENT_TARGET = 9.3;
				MTL_ENABLE_DEBUG_INFO = YES;
				ONLY_ACTIVE_ARCH = YES;
				SDKROOT = iphoneos;
				SWIFT_OPTIMIZATION_LEVEL = "-Onone";
				TARGETED_DEVICE_FAMILY = "1,2";
			};
			name = Debug;
		};
		FCCBF0261CCE481F00C0B7DB /* Release */ = {
			isa = XCBuildConfiguration;
			buildSettings = {
				ALWAYS_SEARCH_USER_PATHS = NO;
				CLANG_ANALYZER_NONNULL = YES;
				CLANG_CXX_LANGUAGE_STANDARD = "gnu++0x";
				CLANG_CXX_LIBRARY = "libc++";
				CLANG_ENABLE_MODULES = YES;
				CLANG_ENABLE_OBJC_ARC = YES;
				CLANG_WARN_BOOL_CONVERSION = YES;
				CLANG_WARN_CONSTANT_CONVERSION = YES;
				CLANG_WARN_DIRECT_OBJC_ISA_USAGE = YES_ERROR;
				CLANG_WARN_EMPTY_BODY = YES;
				CLANG_WARN_ENUM_CONVERSION = YES;
				CLANG_WARN_INT_CONVERSION = YES;
				CLANG_WARN_OBJC_ROOT_CLASS = YES_ERROR;
				CLANG_WARN_UNREACHABLE_CODE = YES;
				CLANG_WARN__DUPLICATE_METHOD_MATCH = YES;
				"CODE_SIGN_IDENTITY[sdk=iphoneos*]" = "iPhone Developer";
				COPY_PHASE_STRIP = NO;
				DEBUG_INFORMATION_FORMAT = "dwarf-with-dsym";
				ENABLE_NS_ASSERTIONS = NO;
				ENABLE_STRICT_OBJC_MSGSEND = YES;
				GCC_C_LANGUAGE_STANDARD = gnu99;
				GCC_NO_COMMON_BLOCKS = YES;
				GCC_WARN_64_TO_32_BIT_CONVERSION = YES;
				GCC_WARN_ABOUT_RETURN_TYPE = YES_ERROR;
				GCC_WARN_UNDECLARED_SELECTOR = YES;
				GCC_WARN_UNINITIALIZED_AUTOS = YES_AGGRESSIVE;
				GCC_WARN_UNUSED_FUNCTION = YES;
				GCC_WARN_UNUSED_VARIABLE = YES;
				IPHONEOS_DEPLOYMENT_TARGET = 9.3;
				MTL_ENABLE_DEBUG_INFO = NO;
				SDKROOT = iphoneos;
				TARGETED_DEVICE_FAMILY = "1,2";
				VALIDATE_PRODUCT = YES;
			};
			name = Release;
		};
		FCCBF0281CCE481F00C0B7DB /* Debug */ = {
			isa = XCBuildConfiguration;
			baseConfigurationReference = 944A6DF970D8BC0F6AD6091D /* Pods-troiswaresto.debug.xcconfig */;
			buildSettings = {
				ASSETCATALOG_COMPILER_APPICON_NAME = AppIcon;
				CODE_SIGN_IDENTITY = "iPhone Developer";
				"CODE_SIGN_IDENTITY[sdk=iphoneos*]" = "iPhone Developer";
				INFOPLIST_FILE = troiswaresto/Info.plist;
				IPHONEOS_DEPLOYMENT_TARGET = 8.0;
				LD_RUNPATH_SEARCH_PATHS = "$(inherited) @executable_path/Frameworks";
				PRODUCT_BUNDLE_IDENTIFIER = fr.smallhead.troiswaresto;
				PRODUCT_NAME = "$(TARGET_NAME)";
				PROVISIONING_PROFILE = "";
			};
			name = Debug;
		};
		FCCBF0291CCE481F00C0B7DB /* Release */ = {
			isa = XCBuildConfiguration;
			baseConfigurationReference = 4630B55084E73804815DA6E2 /* Pods-troiswaresto.release.xcconfig */;
			buildSettings = {
				ASSETCATALOG_COMPILER_APPICON_NAME = AppIcon;
				CODE_SIGN_IDENTITY = "iPhone Developer";
				"CODE_SIGN_IDENTITY[sdk=iphoneos*]" = "iPhone Developer";
				INFOPLIST_FILE = troiswaresto/Info.plist;
				IPHONEOS_DEPLOYMENT_TARGET = 8.0;
				LD_RUNPATH_SEARCH_PATHS = "$(inherited) @executable_path/Frameworks";
				PRODUCT_BUNDLE_IDENTIFIER = fr.smallhead.troiswaresto;
				PRODUCT_NAME = "$(TARGET_NAME)";
				PROVISIONING_PROFILE = "";
			};
			name = Release;
		};
		FCCBF02B1CCE481F00C0B7DB /* Debug */ = {
			isa = XCBuildConfiguration;
			buildSettings = {
				BUNDLE_LOADER = "$(TEST_HOST)";
				INFOPLIST_FILE = troiswarestoTests/Info.plist;
				LD_RUNPATH_SEARCH_PATHS = "$(inherited) @executable_path/Frameworks @loader_path/Frameworks";
				PRODUCT_BUNDLE_IDENTIFIER = fr.smallhead.troiswarestoTests;
				PRODUCT_NAME = "$(TARGET_NAME)";
				TEST_HOST = "$(BUILT_PRODUCTS_DIR)/troiswaresto.app/troiswaresto";
			};
			name = Debug;
		};
		FCCBF02C1CCE481F00C0B7DB /* Release */ = {
			isa = XCBuildConfiguration;
			buildSettings = {
				BUNDLE_LOADER = "$(TEST_HOST)";
				INFOPLIST_FILE = troiswarestoTests/Info.plist;
				LD_RUNPATH_SEARCH_PATHS = "$(inherited) @executable_path/Frameworks @loader_path/Frameworks";
				PRODUCT_BUNDLE_IDENTIFIER = fr.smallhead.troiswarestoTests;
				PRODUCT_NAME = "$(TARGET_NAME)";
				TEST_HOST = "$(BUILT_PRODUCTS_DIR)/troiswaresto.app/troiswaresto";
			};
			name = Release;
		};
		FCCBF02E1CCE481F00C0B7DB /* Debug */ = {
			isa = XCBuildConfiguration;
			buildSettings = {
				INFOPLIST_FILE = troiswarestoUITests/Info.plist;
				LD_RUNPATH_SEARCH_PATHS = "$(inherited) @executable_path/Frameworks @loader_path/Frameworks";
				PRODUCT_BUNDLE_IDENTIFIER = fr.smallhead.troiswarestoUITests;
				PRODUCT_NAME = "$(TARGET_NAME)";
				TEST_TARGET_NAME = troiswaresto;
			};
			name = Debug;
		};
		FCCBF02F1CCE481F00C0B7DB /* Release */ = {
			isa = XCBuildConfiguration;
			buildSettings = {
				INFOPLIST_FILE = troiswarestoUITests/Info.plist;
				LD_RUNPATH_SEARCH_PATHS = "$(inherited) @executable_path/Frameworks @loader_path/Frameworks";
				PRODUCT_BUNDLE_IDENTIFIER = fr.smallhead.troiswarestoUITests;
				PRODUCT_NAME = "$(TARGET_NAME)";
				TEST_TARGET_NAME = troiswaresto;
			};
			name = Release;
		};
/* End XCBuildConfiguration section */

/* Begin XCConfigurationList section */
		FCCBEFF71CCE481F00C0B7DB /* Build configuration list for PBXProject "troiswaresto" */ = {
			isa = XCConfigurationList;
			buildConfigurations = (
				FCCBF0251CCE481F00C0B7DB /* Debug */,
				FCCBF0261CCE481F00C0B7DB /* Release */,
			);
			defaultConfigurationIsVisible = 0;
			defaultConfigurationName = Release;
		};
		FCCBF0271CCE481F00C0B7DB /* Build configuration list for PBXNativeTarget "troiswaresto" */ = {
			isa = XCConfigurationList;
			buildConfigurations = (
				FCCBF0281CCE481F00C0B7DB /* Debug */,
				FCCBF0291CCE481F00C0B7DB /* Release */,
			);
			defaultConfigurationIsVisible = 0;
			defaultConfigurationName = Release;
		};
		FCCBF02A1CCE481F00C0B7DB /* Build configuration list for PBXNativeTarget "troiswarestoTests" */ = {
			isa = XCConfigurationList;
			buildConfigurations = (
				FCCBF02B1CCE481F00C0B7DB /* Debug */,
				FCCBF02C1CCE481F00C0B7DB /* Release */,
			);
			defaultConfigurationIsVisible = 0;
			defaultConfigurationName = Release;
		};
		FCCBF02D1CCE481F00C0B7DB /* Build configuration list for PBXNativeTarget "troiswarestoUITests" */ = {
			isa = XCConfigurationList;
			buildConfigurations = (
				FCCBF02E1CCE481F00C0B7DB /* Debug */,
				FCCBF02F1CCE481F00C0B7DB /* Release */,
			);
			defaultConfigurationIsVisible = 0;
			defaultConfigurationName = Release;
		};
/* End XCConfigurationList section */

/* Begin XCVersionGroup section */
		FCCBF0061CCE481F00C0B7DB /* troiswaresto.xcdatamodeld */ = {
			isa = XCVersionGroup;
			children = (
				FCCBF0071CCE481F00C0B7DB /* troiswaresto.xcdatamodel */,
			);
			currentVersion = FCCBF0071CCE481F00C0B7DB /* troiswaresto.xcdatamodel */;
			path = troiswaresto.xcdatamodeld;
			sourceTree = "<group>";
			versionGroupType = wrapper.xcdatamodel;
		};
/* End XCVersionGroup section */
	};
	rootObject = FCCBEFF41CCE481F00C0B7DB /* Project object */;
}
